
Microsoft Visual Studio Solution File, Format Version 12.00
# Visual Studio Version 16
VisualStudioVersion = 16.0.30517.126
MinimumVisualStudioVersion = 10.0.40219.1
Project("{9A19103F-16F7-4668-BE54-9A1E7A4F7556}") = "GerenciamentoEstado", "GerenciamentoEstado\GerenciamentoEstado.csproj", "{4236457B-6976-4028-9EA0-72B3F51D32D9}"
EndProject
Project("{2150E333-8FDC-42A3-9474-1A3956D46DE8}") = "Etapa02", "Etapa02", "{F8A2A282-A4F5-4983-A832-25B844058161}"
EndProject
Project("{2150E333-8FDC-42A3-9474-1A3956D46DE8}") = "Etapa01", "Etapa01", "{05E26BEA-6D30-48D2-9B32-BB0624F8093D}"
EndProject
Project("{9A19103F-16F7-4668-BE54-9A1E7A4F7556}") = "MyCooking.MVC", "MyCooking\MyCooking.MVC\MyCooking.MVC.csproj", "{5DA712C2-46A0-4D5A-B16F-FB21B23A62D6}"
EndProject
Project("{9A19103F-16F7-4668-BE54-9A1E7A4F7556}") = "MyCooking.API", "MyCooking\MyCooking.API\MyCooking.API.csproj", "{8B2BD71B-B593-4369-9E56-5102A0421FA9}"
EndProject
Project("{9A19103F-16F7-4668-BE54-9A1E7A4F7556}") = "MyCooking.BLL", "MyCooking\MyCooking.BLL\MyCooking.BLL.csproj", "{240F4E25-0C48-4FC7-A436-1170FBA4AF57}"
EndProject
Project("{9A19103F-16F7-4668-BE54-9A1E7A4F7556}") = "MyCooking.DAL", "MyCooking\MyCooking.DAL\MyCooking.DAL.csproj", "{72C01856-9362-47FD-A866-B7D60F4624A5}"
EndProject
Project("{2150E333-8FDC-42A3-9474-1A3956D46DE8}") = "Etapa03", "Etapa03", "{7AE5F5B8-06F4-4C60-A9E6-5DEF0BF00032}"
EndProject
Project("{9A19103F-16F7-4668-BE54-9A1E7A4F7556}") = "UnderstandingControllersViews", "UnderstandingControllersViews\UnderstandingControllersViews.csproj", "{5769F822-09A9-4712-BF98-BF7312BF9261}"
EndProject
Project("{2150E333-8FDC-42A3-9474-1A3956D46DE8}") = "Etapa04", "Etapa04", "{82015419-D814-4199-A284-DE825EBB741F}"
EndProject
Project("{9A19103F-16F7-4668-BE54-9A1E7A4F7556}") = "DemoValidation", "DemoValidation\DemoValidation.csproj", "{D645A988-4D69-49E4-A653-C9A8F81021F9}"
EndProject
Project("{9A19103F-16F7-4668-BE54-9A1E7A4F7556}") = "TodoApi", "TodoApi\TodoApi.csproj", "{CB61D155-8349-4159-AEAD-4D11DB6E7761}"
EndProject
Project("{2150E333-8FDC-42A3-9474-1A3956D46DE8}") = "Etapa05", "Etapa05", "{BA1BED74-8C51-495F-BCEE-EEBCE5CA7E47}"
EndProject
Project("{9A19103F-16F7-4668-BE54-9A1E7A4F7556}") = "APIControllers", "APIControllers\APIControllers.csproj", "{C1FEBBDD-A2F4-4A59-B46D-CBE92A62DF79}"
EndProject
Project("{9A19103F-16F7-4668-BE54-9A1E7A4F7556}") = "ApiConsume", "ApiConsume\ApiConsume.csproj", "{7F126C37-8CD5-4156-958A-48FC932120F0}"
EndProject
Project("{2150E333-8FDC-42A3-9474-1A3956D46DE8}") = "Etapa06", "Etapa06", "{24890101-10CD-471B-B476-C50C44E3BA55}"
EndProject
Project("{9A19103F-16F7-4668-BE54-9A1E7A4F7556}") = "Company", "Company\Company.csproj", "{DF9A2AB5-967E-4574-8090-F0BA3192AE0D}"
EndProject
Project("{2150E333-8FDC-42A3-9474-1A3956D46DE8}") = "Etapa08", "Etapa08", "{AA53C04E-D556-4870-BC58-D6A32690576A}"
EndProject
Project("{FAE04EC0-301F-11D3-BF4B-00C04F79EFBC}") = "Publishing.API", "Publishing.API\Publishing.API.csproj", "{CF81641E-2CEA-415E-A321-7BE0A5920449}"
EndProject
Project("{FAE04EC0-301F-11D3-BF4B-00C04F79EFBC}") = "Publishing.DAL", "Publishing.DAL\Publishing.DAL.csproj", "{D0CF2673-F168-4A5A-A45B-3C033E9BEDB6}"
EndProject
Project("{FAE04EC0-301F-11D3-BF4B-00C04F79EFBC}") = "Publishing.BLL", "Publishing.BLL\Publishing.BLL.csproj", "{9E90B385-7C6A-4BC7-AA90-A45667A4CCF1}"
EndProject
Project("{FAE04EC0-301F-11D3-BF4B-00C04F79EFBC}") = "Publishing.MVC", "Publishing.MVC\Publishing.MVC.csproj", "{23CB06B2-6755-4044-A193-D2F83ACBE302}"
EndProject
Global
	GlobalSection(SolutionConfigurationPlatforms) = preSolution
		Debug|Any CPU = Debug|Any CPU
		Release|Any CPU = Release|Any CPU
	EndGlobalSection
	GlobalSection(ProjectConfigurationPlatforms) = postSolution
		{4236457B-6976-4028-9EA0-72B3F51D32D9}.Debug|Any CPU.ActiveCfg = Debug|Any CPU
		{4236457B-6976-4028-9EA0-72B3F51D32D9}.Debug|Any CPU.Build.0 = Debug|Any CPU
		{4236457B-6976-4028-9EA0-72B3F51D32D9}.Release|Any CPU.ActiveCfg = Release|Any CPU
		{4236457B-6976-4028-9EA0-72B3F51D32D9}.Release|Any CPU.Build.0 = Release|Any CPU
		{5DA712C2-46A0-4D5A-B16F-FB21B23A62D6}.Debug|Any CPU.ActiveCfg = Debug|Any CPU
		{5DA712C2-46A0-4D5A-B16F-FB21B23A62D6}.Debug|Any CPU.Build.0 = Debug|Any CPU
		{5DA712C2-46A0-4D5A-B16F-FB21B23A62D6}.Release|Any CPU.ActiveCfg = Release|Any CPU
		{5DA712C2-46A0-4D5A-B16F-FB21B23A62D6}.Release|Any CPU.Build.0 = Release|Any CPU
		{8B2BD71B-B593-4369-9E56-5102A0421FA9}.Debug|Any CPU.ActiveCfg = Debug|Any CPU
		{8B2BD71B-B593-4369-9E56-5102A0421FA9}.Debug|Any CPU.Build.0 = Debug|Any CPU
		{8B2BD71B-B593-4369-9E56-5102A0421FA9}.Release|Any CPU.ActiveCfg = Release|Any CPU
		{8B2BD71B-B593-4369-9E56-5102A0421FA9}.Release|Any CPU.Build.0 = Release|Any CPU
		{240F4E25-0C48-4FC7-A436-1170FBA4AF57}.Debug|Any CPU.ActiveCfg = Debug|Any CPU
		{240F4E25-0C48-4FC7-A436-1170FBA4AF57}.Debug|Any CPU.Build.0 = Debug|Any CPU
		{240F4E25-0C48-4FC7-A436-1170FBA4AF57}.Release|Any CPU.ActiveCfg = Release|Any CPU
		{240F4E25-0C48-4FC7-A436-1170FBA4AF57}.Release|Any CPU.Build.0 = Release|Any CPU
		{72C01856-9362-47FD-A866-B7D60F4624A5}.Debug|Any CPU.ActiveCfg = Debug|Any CPU
		{72C01856-9362-47FD-A866-B7D60F4624A5}.Debug|Any CPU.Build.0 = Debug|Any CPU
		{72C01856-9362-47FD-A866-B7D60F4624A5}.Release|Any CPU.ActiveCfg = Release|Any CPU
		{72C01856-9362-47FD-A866-B7D60F4624A5}.Release|Any CPU.Build.0 = Release|Any CPU
		{5769F822-09A9-4712-BF98-BF7312BF9261}.Debug|Any CPU.ActiveCfg = Debug|Any CPU
		{5769F822-09A9-4712-BF98-BF7312BF9261}.Debug|Any CPU.Build.0 = Debug|Any CPU
		{5769F822-09A9-4712-BF98-BF7312BF9261}.Release|Any CPU.ActiveCfg = Release|Any CPU
		{5769F822-09A9-4712-BF98-BF7312BF9261}.Release|Any CPU.Build.0 = Release|Any CPU
		{D645A988-4D69-49E4-A653-C9A8F81021F9}.Debug|Any CPU.ActiveCfg = Debug|Any CPU
		{D645A988-4D69-49E4-A653-C9A8F81021F9}.Debug|Any CPU.Build.0 = Debug|Any CPU
		{D645A988-4D69-49E4-A653-C9A8F81021F9}.Release|Any CPU.ActiveCfg = Release|Any CPU
		{D645A988-4D69-49E4-A653-C9A8F81021F9}.Release|Any CPU.Build.0 = Release|Any CPU
		{CB61D155-8349-4159-AEAD-4D11DB6E7761}.Debug|Any CPU.ActiveCfg = Debug|Any CPU
		{CB61D155-8349-4159-AEAD-4D11DB6E7761}.Debug|Any CPU.Build.0 = Debug|Any CPU
		{CB61D155-8349-4159-AEAD-4D11DB6E7761}.Release|Any CPU.ActiveCfg = Release|Any CPU
		{CB61D155-8349-4159-AEAD-4D11DB6E7761}.Release|Any CPU.Build.0 = Release|Any CPU
		{C1FEBBDD-A2F4-4A59-B46D-CBE92A62DF79}.Debug|Any CPU.ActiveCfg = Debug|Any CPU
		{C1FEBBDD-A2F4-4A59-B46D-CBE92A62DF79}.Debug|Any CPU.Build.0 = Debug|Any CPU
		{C1FEBBDD-A2F4-4A59-B46D-CBE92A62DF79}.Release|Any CPU.ActiveCfg = Release|Any CPU
		{C1FEBBDD-A2F4-4A59-B46D-CBE92A62DF79}.Release|Any CPU.Build.0 = Release|Any CPU
		{7F126C37-8CD5-4156-958A-48FC932120F0}.Debug|Any CPU.ActiveCfg = Debug|Any CPU
		{7F126C37-8CD5-4156-958A-48FC932120F0}.Debug|Any CPU.Build.0 = Debug|Any CPU
		{7F126C37-8CD5-4156-958A-48FC932120F0}.Release|Any CPU.ActiveCfg = Release|Any CPU
		{7F126C37-8CD5-4156-958A-48FC932120F0}.Release|Any CPU.Build.0 = Release|Any CPU
		{DF9A2AB5-967E-4574-8090-F0BA3192AE0D}.Debug|Any CPU.ActiveCfg = Debug|Any CPU
		{DF9A2AB5-967E-4574-8090-F0BA3192AE0D}.Debug|Any CPU.Build.0 = Debug|Any CPU
		{DF9A2AB5-967E-4574-8090-F0BA3192AE0D}.Release|Any CPU.ActiveCfg = Release|Any CPU
		{DF9A2AB5-967E-4574-8090-F0BA3192AE0D}.Release|Any CPU.Build.0 = Release|Any CPU
		{CF81641E-2CEA-415E-A321-7BE0A5920449}.Debug|Any CPU.ActiveCfg = Debug|Any CPU
		{CF81641E-2CEA-415E-A321-7BE0A5920449}.Debug|Any CPU.Build.0 = Debug|Any CPU
		{CF81641E-2CEA-415E-A321-7BE0A5920449}.Release|Any CPU.ActiveCfg = Release|Any CPU
		{CF81641E-2CEA-415E-A321-7BE0A5920449}.Release|Any CPU.Build.0 = Release|Any CPU
		{D0CF2673-F168-4A5A-A45B-3C033E9BEDB6}.Debug|Any CPU.ActiveCfg = Debug|Any CPU
		{D0CF2673-F168-4A5A-A45B-3C033E9BEDB6}.Debug|Any CPU.Build.0 = Debug|Any CPU
		{D0CF2673-F168-4A5A-A45B-3C033E9BEDB6}.Release|Any CPU.ActiveCfg = Release|Any CPU
		{D0CF2673-F168-4A5A-A45B-3C033E9BEDB6}.Release|Any CPU.Build.0 = Release|Any CPU
		{9E90B385-7C6A-4BC7-AA90-A45667A4CCF1}.Debug|Any CPU.ActiveCfg = Debug|Any CPU
		{9E90B385-7C6A-4BC7-AA90-A45667A4CCF1}.Debug|Any CPU.Build.0 = Debug|Any CPU
		{9E90B385-7C6A-4BC7-AA90-A45667A4CCF1}.Release|Any CPU.ActiveCfg = Release|Any CPU
		{9E90B385-7C6A-4BC7-AA90-A45667A4CCF1}.Release|Any CPU.Build.0 = Release|Any CPU
		{23CB06B2-6755-4044-A193-D2F83ACBE302}.Debug|Any CPU.ActiveCfg = Debug|Any CPU
		{23CB06B2-6755-4044-A193-D2F83ACBE302}.Debug|Any CPU.Build.0 = Debug|Any CPU
		{23CB06B2-6755-4044-A193-D2F83ACBE302}.Release|Any CPU.ActiveCfg = Release|Any CPU
		{23CB06B2-6755-4044-A193-D2F83ACBE302}.Release|Any CPU.Build.0 = Release|Any CPU
	EndGlobalSection
	GlobalSection(SolutionProperties) = preSolution
		HideSolutionNode = FALSE
	EndGlobalSection
	GlobalSection(NestedProjects) = preSolution
		{4236457B-6976-4028-9EA0-72B3F51D32D9} = {F8A2A282-A4F5-4983-A832-25B844058161}
		{5DA712C2-46A0-4D5A-B16F-FB21B23A62D6} = {05E26BEA-6D30-48D2-9B32-BB0624F8093D}
		{8B2BD71B-B593-4369-9E56-5102A0421FA9} = {05E26BEA-6D30-48D2-9B32-BB0624F8093D}
		{240F4E25-0C48-4FC7-A436-1170FBA4AF57} = {05E26BEA-6D30-48D2-9B32-BB0624F8093D}
		{72C01856-9362-47FD-A866-B7D60F4624A5} = {05E26BEA-6D30-48D2-9B32-BB0624F8093D}
		{5769F822-09A9-4712-BF98-BF7312BF9261} = {7AE5F5B8-06F4-4C60-A9E6-5DEF0BF00032}
		{D645A988-4D69-49E4-A653-C9A8F81021F9} = {82015419-D814-4199-A284-DE825EBB741F}
		{CB61D155-8349-4159-AEAD-4D11DB6E7761} = {82015419-D814-4199-A284-DE825EBB741F}
		{C1FEBBDD-A2F4-4A59-B46D-CBE92A62DF79} = {BA1BED74-8C51-495F-BCEE-EEBCE5CA7E47}
		{7F126C37-8CD5-4156-958A-48FC932120F0} = {BA1BED74-8C51-495F-BCEE-EEBCE5CA7E47}
		{DF9A2AB5-967E-4574-8090-F0BA3192AE0D} = {24890101-10CD-471B-B476-C50C44E3BA55}
		{CF81641E-2CEA-415E-A321-7BE0A5920449} = {AA53C04E-D556-4870-BC58-D6A32690576A}
		{D0CF2673-F168-4A5A-A45B-3C033E9BEDB6} = {AA53C04E-D556-4870-BC58-D6A32690576A}
		{9E90B385-7C6A-4BC7-AA90-A45667A4CCF1} = {AA53C04E-D556-4870-BC58-D6A32690576A}
		{23CB06B2-6755-4044-A193-D2F83ACBE302} = {AA53C04E-D556-4870-BC58-D6A32690576A}
	EndGlobalSection
	GlobalSection(ExtensibilityGlobals) = postSolution
		SolutionGuid = {FA1C69EA-BF2B-4F9A-B14F-5BC7555EBD25}
	EndGlobalSection
EndGlobal
